
Microsoft Visual Studio Solution File, Format Version 12.00
# Visual Studio 15
VisualStudioVersion = 15.0.26430.14
MinimumVisualStudioVersion = 10.0.40219.1
Project("{FAE04EC0-301F-11D3-BF4B-00C04F79EFBC}") = "LocadoraCarros", "LocadoraCarros\LocadoraCarros.csproj", "{C8068606-5FA7-4BC9-8B0E-F4DD4F527F37}"
EndProject
Project("{FAE04EC0-301F-11D3-BF4B-00C04F79EFBC}") = "ConexaoMysql", "ConexaoMysql\ConexaoMysql.csproj", "{0667FEC5-3C7B-4197-926D-CE12E1B295FC}"
EndProject
Global
	GlobalSection(SolutionConfigurationPlatforms) = preSolution
		Debug|Any CPU = Debug|Any CPU
		Release|Any CPU = Release|Any CPU
	EndGlobalSection
	GlobalSection(ProjectConfigurationPlatforms) = postSolution
		{C8068606-5FA7-4BC9-8B0E-F4DD4F527F37}.Debug|Any CPU.ActiveCfg = Debug|Any CPU
		{C8068606-5FA7-4BC9-8B0E-F4DD4F527F37}.Debug|Any CPU.Build.0 = Debug|Any CPU
		{C8068606-5FA7-4BC9-8B0E-F4DD4F527F37}.Release|Any CPU.ActiveCfg = Release|Any CPU
		{C8068606-5FA7-4BC9-8B0E-F4DD4F527F37}.Release|Any CPU.Build.0 = Release|Any CPU
		{0667FEC5-3C7B-4197-926D-CE12E1B295FC}.Debug|Any CPU.ActiveCfg = Debug|Any CPU
		{0667FEC5-3C7B-4197-926D-CE12E1B295FC}.Debug|Any CPU.Build.0 = Debug|Any CPU
		{0667FEC5-3C7B-4197-926D-CE12E1B295FC}.Release|Any CPU.ActiveCfg = Release|Any CPU
		{0667FEC5-3C7B-4197-926D-CE12E1B295FC}.Release|Any CPU.Build.0 = Release|Any CPU
	EndGlobalSection
	GlobalSection(SolutionProperties) = preSolution
		HideSolutionNode = FALSE
	EndGlobalSection
EndGlobal
